// !$*UTF8*$!
{
	archiveVersion = 1;
	classes = {
	};
	objectVersion = 56;
	objects = {

/* Begin PBXBuildFile section */
		58017C132A89144E009452EA /* MemorySavingTabBarController in Frameworks */ = {isa = PBXBuildFile; productRef = 58017C122A89144E009452EA /* MemorySavingTabBarController */; };
		58017C152A8914AC009452EA /* MemoryHeavyViewController.swift in Sources */ = {isa = PBXBuildFile; fileRef = 58017C142A8914AC009452EA /* MemoryHeavyViewController.swift */; };
		58017C172A8914D1009452EA /* Memory.swift in Sources */ = {isa = PBXBuildFile; fileRef = 58017C162A8914D1009452EA /* Memory.swift */; };
		58017C192A892A17009452EA /* RootViewController.swift in Sources */ = {isa = PBXBuildFile; fileRef = 58017C182A892A17009452EA /* RootViewController.swift */; };
		58017C1B2A892A3A009452EA /* UIViewController+Extensions.swift in Sources */ = {isa = PBXBuildFile; fileRef = 58017C1A2A892A3A009452EA /* UIViewController+Extensions.swift */; };
		583529CA2A88316900749D5F /* AppDelegate.swift in Sources */ = {isa = PBXBuildFile; fileRef = 583529C92A88316900749D5F /* AppDelegate.swift */; };
		583529D12A88316900749D5F /* Main.storyboard in Resources */ = {isa = PBXBuildFile; fileRef = 583529CF2A88316900749D5F /* Main.storyboard */; };
		583529D32A88316A00749D5F /* Assets.xcassets in Resources */ = {isa = PBXBuildFile; fileRef = 583529D22A88316A00749D5F /* Assets.xcassets */; };
		583529D62A88316A00749D5F /* LaunchScreen.storyboard in Resources */ = {isa = PBXBuildFile; fileRef = 583529D42A88316A00749D5F /* LaunchScreen.storyboard */; };
		583529E12A88316A00749D5F /* ExampleTests.swift in Sources */ = {isa = PBXBuildFile; fileRef = 583529E02A88316A00749D5F /* ExampleTests.swift */; };
		583529EB2A88316A00749D5F /* ExampleUITests.swift in Sources */ = {isa = PBXBuildFile; fileRef = 583529EA2A88316A00749D5F /* ExampleUITests.swift */; };
		583529ED2A88316A00749D5F /* ExampleUITestsLaunchTests.swift in Sources */ = {isa = PBXBuildFile; fileRef = 583529EC2A88316A00749D5F /* ExampleUITestsLaunchTests.swift */; };
/* End PBXBuildFile section */

/* Begin PBXContainerItemProxy section */
		583529DD2A88316A00749D5F /* PBXContainerItemProxy */ = {
			isa = PBXContainerItemProxy;
			containerPortal = 583529BE2A88316900749D5F /* Project object */;
			proxyType = 1;
			remoteGlobalIDString = 583529C52A88316900749D5F;
			remoteInfo = Example;
		};
		583529E72A88316A00749D5F /* PBXContainerItemProxy */ = {
			isa = PBXContainerItemProxy;
			containerPortal = 583529BE2A88316900749D5F /* Project object */;
			proxyType = 1;
			remoteGlobalIDString = 583529C52A88316900749D5F;
			remoteInfo = Example;
		};
/* End PBXContainerItemProxy section */

/* Begin PBXFileReference section */
		58017C142A8914AC009452EA /* MemoryHeavyViewController.swift */ = {isa = PBXFileReference; lastKnownFileType = sourcecode.swift; path = MemoryHeavyViewController.swift; sourceTree = "<group>"; };
		58017C162A8914D1009452EA /* Memory.swift */ = {isa = PBXFileReference; lastKnownFileType = sourcecode.swift; path = Memory.swift; sourceTree = "<group>"; };
		58017C182A892A17009452EA /* RootViewController.swift */ = {isa = PBXFileReference; lastKnownFileType = sourcecode.swift; path = RootViewController.swift; sourceTree = "<group>"; };
		58017C1A2A892A3A009452EA /* UIViewController+Extensions.swift */ = {isa = PBXFileReference; lastKnownFileType = sourcecode.swift; path = "UIViewController+Extensions.swift"; sourceTree = "<group>"; };
		583529C62A88316900749D5F /* Example.app */ = {isa = PBXFileReference; explicitFileType = wrapper.application; includeInIndex = 0; path = Example.app; sourceTree = BUILT_PRODUCTS_DIR; };
		583529C92A88316900749D5F /* AppDelegate.swift */ = {isa = PBXFileReference; lastKnownFileType = sourcecode.swift; path = AppDelegate.swift; sourceTree = "<group>"; };
		583529D02A88316900749D5F /* Base */ = {isa = PBXFileReference; lastKnownFileType = file.storyboard; name = Base; path = Base.lproj/Main.storyboard; sourceTree = "<group>"; };
		583529D22A88316A00749D5F /* Assets.xcassets */ = {isa = PBXFileReference; lastKnownFileType = folder.assetcatalog; path = Assets.xcassets; sourceTree = "<group>"; };
		583529D52A88316A00749D5F /* Base */ = {isa = PBXFileReference; lastKnownFileType = file.storyboard; name = Base; path = Base.lproj/LaunchScreen.storyboard; sourceTree = "<group>"; };
		583529D72A88316A00749D5F /* Info.plist */ = {isa = PBXFileReference; lastKnownFileType = text.plist.xml; path = Info.plist; sourceTree = "<group>"; };
		583529DC2A88316A00749D5F /* ExampleTests.xctest */ = {isa = PBXFileReference; explicitFileType = wrapper.cfbundle; includeInIndex = 0; path = ExampleTests.xctest; sourceTree = BUILT_PRODUCTS_DIR; };
		583529E02A88316A00749D5F /* ExampleTests.swift */ = {isa = PBXFileReference; lastKnownFileType = sourcecode.swift; path = ExampleTests.swift; sourceTree = "<group>"; };
		583529E62A88316A00749D5F /* ExampleUITests.xctest */ = {isa = PBXFileReference; explicitFileType = wrapper.cfbundle; includeInIndex = 0; path = ExampleUITests.xctest; sourceTree = BUILT_PRODUCTS_DIR; };
		583529EA2A88316A00749D5F /* ExampleUITests.swift */ = {isa = PBXFileReference; lastKnownFileType = sourcecode.swift; path = ExampleUITests.swift; sourceTree = "<group>"; };
		583529EC2A88316A00749D5F /* ExampleUITestsLaunchTests.swift */ = {isa = PBXFileReference; lastKnownFileType = sourcecode.swift; path = ExampleUITestsLaunchTests.swift; sourceTree = "<group>"; };
/* End PBXFileReference section */

/* Begin PBXFrameworksBuildPhase section */
		583529C32A88316900749D5F /* Frameworks */ = {
			isa = PBXFrameworksBuildPhase;
			buildActionMask = 2147483647;
			files = (
				58017C132A89144E009452EA /* MemorySavingTabBarController in Frameworks */,
			);
			runOnlyForDeploymentPostprocessing = 0;
		};
		583529D92A88316A00749D5F /* Frameworks */ = {
			isa = PBXFrameworksBuildPhase;
			buildActionMask = 2147483647;
			files = (
			);
			runOnlyForDeploymentPostprocessing = 0;
		};
		583529E32A88316A00749D5F /* Frameworks */ = {
			isa = PBXFrameworksBuildPhase;
			buildActionMask = 2147483647;
			files = (
			);
			runOnlyForDeploymentPostprocessing = 0;
		};
/* End PBXFrameworksBuildPhase section */

/* Begin PBXGroup section */
		58017C112A89144E009452EA /* Frameworks */ = {
			isa = PBXGroup;
			children = (
			);
			name = Frameworks;
			sourceTree = "<group>";
		};
		583529BD2A88316900749D5F = {
			isa = PBXGroup;
			children = (
				583529C82A88316900749D5F /* Example */,
				583529DF2A88316A00749D5F /* ExampleTests */,
				583529E92A88316A00749D5F /* ExampleUITests */,
				583529C72A88316900749D5F /* Products */,
				58017C112A89144E009452EA /* Frameworks */,
			);
			sourceTree = "<group>";
		};
		583529C72A88316900749D5F /* Products */ = {
			isa = PBXGroup;
			children = (
				583529C62A88316900749D5F /* Example.app */,
				583529DC2A88316A00749D5F /* ExampleTests.xctest */,
				583529E62A88316A00749D5F /* ExampleUITests.xctest */,
			);
			name = Products;
			sourceTree = "<group>";
		};
		583529C82A88316900749D5F /* Example */ = {
			isa = PBXGroup;
			children = (
				58017C142A8914AC009452EA /* MemoryHeavyViewController.swift */,
				58017C162A8914D1009452EA /* Memory.swift */,
				58017C182A892A17009452EA /* RootViewController.swift */,
				58017C1A2A892A3A009452EA /* UIViewController+Extensions.swift */,
				583529C92A88316900749D5F /* AppDelegate.swift */,
				583529CF2A88316900749D5F /* Main.storyboard */,
				583529D22A88316A00749D5F /* Assets.xcassets */,
				583529D42A88316A00749D5F /* LaunchScreen.storyboard */,
				583529D72A88316A00749D5F /* Info.plist */,
			);
			path = Example;
			sourceTree = "<group>";
		};
		583529DF2A88316A00749D5F /* ExampleTests */ = {
			isa = PBXGroup;
			children = (
				583529E02A88316A00749D5F /* ExampleTests.swift */,
			);
			path = ExampleTests;
			sourceTree = "<group>";
		};
		583529E92A88316A00749D5F /* ExampleUITests */ = {
			isa = PBXGroup;
			children = (
				583529EA2A88316A00749D5F /* ExampleUITests.swift */,
				583529EC2A88316A00749D5F /* ExampleUITestsLaunchTests.swift */,
			);
			path = ExampleUITests;
			sourceTree = "<group>";
		};
/* End PBXGroup section */

/* Begin PBXNativeTarget section */
		583529C52A88316900749D5F /* Example */ = {
			isa = PBXNativeTarget;
			buildConfigurationList = 583529F02A88316A00749D5F /* Build configuration list for PBXNativeTarget "Example" */;
			buildPhases = (
				583529C22A88316900749D5F /* Sources */,
				583529C32A88316900749D5F /* Frameworks */,
				583529C42A88316900749D5F /* Resources */,
			);
			buildRules = (
			);
			dependencies = (
			);
			name = Example;
			packageProductDependencies = (
				58017C122A89144E009452EA /* MemorySavingTabBarController */,
			);
			productName = Example;
			productReference = 583529C62A88316900749D5F /* Example.app */;
			productType = "com.apple.product-type.application";
		};
		583529DB2A88316A00749D5F /* ExampleTests */ = {
			isa = PBXNativeTarget;
			buildConfigurationList = 583529F32A88316A00749D5F /* Build configuration list for PBXNativeTarget "ExampleTests" */;
			buildPhases = (
				583529D82A88316A00749D5F /* Sources */,
				583529D92A88316A00749D5F /* Frameworks */,
				583529DA2A88316A00749D5F /* Resources */,
			);
			buildRules = (
			);
			dependencies = (
				583529DE2A88316A00749D5F /* PBXTargetDependency */,
			);
			name = ExampleTests;
			productName = ExampleTests;
			productReference = 583529DC2A88316A00749D5F /* ExampleTests.xctest */;
			productType = "com.apple.product-type.bundle.unit-test";
		};
		583529E52A88316A00749D5F /* ExampleUITests */ = {
			isa = PBXNativeTarget;
			buildConfigurationList = 583529F62A88316A00749D5F /* Build configuration list for PBXNativeTarget "ExampleUITests" */;
			buildPhases = (
				583529E22A88316A00749D5F /* Sources */,
				583529E32A88316A00749D5F /* Frameworks */,
				583529E42A88316A00749D5F /* Resources */,
			);
			buildRules = (
			);
			dependencies = (
				583529E82A88316A00749D5F /* PBXTargetDependency */,
			);
			name = ExampleUITests;
			productName = ExampleUITests;
			productReference = 583529E62A88316A00749D5F /* ExampleUITests.xctest */;
			productType = "com.apple.product-type.bundle.ui-testing";
		};
/* End PBXNativeTarget section */

/* Begin PBXProject section */
		583529BE2A88316900749D5F /* Project object */ = {
			isa = PBXProject;
			attributes = {
				BuildIndependentTargetsInParallel = 1;
				LastSwiftUpdateCheck = 1430;
				LastUpgradeCheck = 1430;
				TargetAttributes = {
					583529C52A88316900749D5F = {
						CreatedOnToolsVersion = 14.3.1;
					};
					583529DB2A88316A00749D5F = {
						CreatedOnToolsVersion = 14.3.1;
						TestTargetID = 583529C52A88316900749D5F;
					};
					583529E52A88316A00749D5F = {
						CreatedOnToolsVersion = 14.3.1;
						TestTargetID = 583529C52A88316900749D5F;
					};
				};
			};
			buildConfigurationList = 583529C12A88316900749D5F /* Build configuration list for PBXProject "Example" */;
			compatibilityVersion = "Xcode 14.0";
			developmentRegion = en;
			hasScannedForEncodings = 0;
			knownRegions = (
				en,
				Base,
			);
			mainGroup = 583529BD2A88316900749D5F;
			packageReferences = (
				58E5A25A2A88495C0097E516 /* XCRemoteSwiftPackageReference "MemorySavingTabBarController" */,
			);
			productRefGroup = 583529C72A88316900749D5F /* Products */;
			projectDirPath = "";
			projectRoot = "";
			targets = (
				583529C52A88316900749D5F /* Example */,
				583529DB2A88316A00749D5F /* ExampleTests */,
				583529E52A88316A00749D5F /* ExampleUITests */,
			);
		};
/* End PBXProject section */

/* Begin PBXResourcesBuildPhase section */
		583529C42A88316900749D5F /* Resources */ = {
			isa = PBXResourcesBuildPhase;
			buildActionMask = 2147483647;
			files = (
				583529D62A88316A00749D5F /* LaunchScreen.storyboard in Resources */,
				583529D32A88316A00749D5F /* Assets.xcassets in Resources */,
				583529D12A88316900749D5F /* Main.storyboard in Resources */,
			);
			runOnlyForDeploymentPostprocessing = 0;
		};
		583529DA2A88316A00749D5F /* Resources */ = {
			isa = PBXResourcesBuildPhase;
			buildActionMask = 2147483647;
			files = (
			);
			runOnlyForDeploymentPostprocessing = 0;
		};
		583529E42A88316A00749D5F /* Resources */ = {
			isa = PBXResourcesBuildPhase;
			buildActionMask = 2147483647;
			files = (
			);
			runOnlyForDeploymentPostprocessing = 0;
		};
/* End PBXResourcesBuildPhase section */

/* Begin PBXSourcesBuildPhase section */
		583529C22A88316900749D5F /* Sources */ = {
			isa = PBXSourcesBuildPhase;
			buildActionMask = 2147483647;
			files = (
				583529CA2A88316900749D5F /* AppDelegate.swift in Sources */,
				58017C172A8914D1009452EA /* Memory.swift in Sources */,
				58017C1B2A892A3A009452EA /* UIViewController+Extensions.swift in Sources */,
				58017C192A892A17009452EA /* RootViewController.swift in Sources */,
				58017C152A8914AC009452EA /* MemoryHeavyViewController.swift in Sources */,
			);
			runOnlyForDeploymentPostprocessing = 0;
		};
		583529D82A88316A00749D5F /* Sources */ = {
			isa = PBXSourcesBuildPhase;
			buildActionMask = 2147483647;
			files = (
				583529E12A88316A00749D5F /* ExampleTests.swift in Sources */,
			);
			runOnlyForDeploymentPostprocessing = 0;
		};
		583529E22A88316A00749D5F /* Sources */ = {
			isa = PBXSourcesBuildPhase;
			buildActionMask = 2147483647;
			files = (
				583529EB2A88316A00749D5F /* ExampleUITests.swift in Sources */,
				583529ED2A88316A00749D5F /* ExampleUITestsLaunchTests.swift in Sources */,
			);
			runOnlyForDeploymentPostprocessing = 0;
		};
/* End PBXSourcesBuildPhase section */

/* Begin PBXTargetDependency section */
		583529DE2A88316A00749D5F /* PBXTargetDependency */ = {
			isa = PBXTargetDependency;
			target = 583529C52A88316900749D5F /* Example */;
			targetProxy = 583529DD2A88316A00749D5F /* PBXContainerItemProxy */;
		};
		583529E82A88316A00749D5F /* PBXTargetDependency */ = {
			isa = PBXTargetDependency;
			target = 583529C52A88316900749D5F /* Example */;
			targetProxy = 583529E72A88316A00749D5F /* PBXContainerItemProxy */;
		};
/* End PBXTargetDependency section */

/* Begin PBXVariantGroup section */
		583529CF2A88316900749D5F /* Main.storyboard */ = {
			isa = PBXVariantGroup;
			children = (
				583529D02A88316900749D5F /* Base */,
			);
			name = Main.storyboard;
			sourceTree = "<group>";
		};
		583529D42A88316A00749D5F /* LaunchScreen.storyboard */ = {
			isa = PBXVariantGroup;
			children = (
				583529D52A88316A00749D5F /* Base */,
			);
			name = LaunchScreen.storyboard;
			sourceTree = "<group>";
		};
/* End PBXVariantGroup section */

/* Begin XCBuildConfiguration section */
		583529EE2A88316A00749D5F /* Debug */ = {
			isa = XCBuildConfiguration;
			buildSettings = {
				ALWAYS_SEARCH_USER_PATHS = NO;
				CLANG_ANALYZER_NONNULL = YES;
				CLANG_ANALYZER_NUMBER_OBJECT_CONVERSION = YES_AGGRESSIVE;
				CLANG_CXX_LANGUAGE_STANDARD = "gnu++20";
				CLANG_ENABLE_MODULES = YES;
				CLANG_ENABLE_OBJC_ARC = YES;
				CLANG_ENABLE_OBJC_WEAK = YES;
				CLANG_WARN_BLOCK_CAPTURE_AUTORELEASING = YES;
				CLANG_WARN_BOOL_CONVERSION = YES;
				CLANG_WARN_COMMA = YES;
				CLANG_WARN_CONSTANT_CONVERSION = YES;
				CLANG_WARN_DEPRECATED_OBJC_IMPLEMENTATIONS = YES;
				CLANG_WARN_DIRECT_OBJC_ISA_USAGE = YES_ERROR;
				CLANG_WARN_DOCUMENTATION_COMMENTS = YES;
				CLANG_WARN_EMPTY_BODY = YES;
				CLANG_WARN_ENUM_CONVERSION = YES;
				CLANG_WARN_INFINITE_RECURSION = YES;
				CLANG_WARN_INT_CONVERSION = YES;
				CLANG_WARN_NON_LITERAL_NULL_CONVERSION = YES;
				CLANG_WARN_OBJC_IMPLICIT_RETAIN_SELF = YES;
				CLANG_WARN_OBJC_LITERAL_CONVERSION = YES;
				CLANG_WARN_OBJC_ROOT_CLASS = YES_ERROR;
				CLANG_WARN_QUOTED_INCLUDE_IN_FRAMEWORK_HEADER = YES;
				CLANG_WARN_RANGE_LOOP_ANALYSIS = YES;
				CLANG_WARN_STRICT_PROTOTYPES = YES;
				CLANG_WARN_SUSPICIOUS_MOVE = YES;
				CLANG_WARN_UNGUARDED_AVAILABILITY = YES_AGGRESSIVE;
				CLANG_WARN_UNREACHABLE_CODE = YES;
				CLANG_WARN__DUPLICATE_METHOD_MATCH = YES;
				COPY_PHASE_STRIP = NO;
				DEBUG_INFORMATION_FORMAT = dwarf;
				ENABLE_STRICT_OBJC_MSGSEND = YES;
				ENABLE_TESTABILITY = YES;
				GCC_C_LANGUAGE_STANDARD = gnu11;
				GCC_DYNAMIC_NO_PIC = NO;
				GCC_NO_COMMON_BLOCKS = YES;
				GCC_OPTIMIZATION_LEVEL = 0;
				GCC_PREPROCESSOR_DEFINITIONS = (
					"DEBUG=1",
					"$(inherited)",
				);
				GCC_WARN_64_TO_32_BIT_CONVERSION = YES;
				GCC_WARN_ABOUT_RETURN_TYPE = YES_ERROR;
				GCC_WARN_UNDECLARED_SELECTOR = YES;
				GCC_WARN_UNINITIALIZED_AUTOS = YES_AGGRESSIVE;
				GCC_WARN_UNUSED_FUNCTION = YES;
				GCC_WARN_UNUSED_VARIABLE = YES;
				IPHONEOS_DEPLOYMENT_TARGET = 16.4;
				MTL_ENABLE_DEBUG_INFO = INCLUDE_SOURCE;
				MTL_FAST_MATH = YES;
				ONLY_ACTIVE_ARCH = YES;
				SDKROOT = iphoneos;
				SWIFT_ACTIVE_COMPILATION_CONDITIONS = DEBUG;
				SWIFT_OPTIMIZATION_LEVEL = "-Onone";
			};
			name = Debug;
		};
		583529EF2A88316A00749D5F /* Release */ = {
			isa = XCBuildConfiguration;
			buildSettings = {
				ALWAYS_SEARCH_USER_PATHS = NO;
				CLANG_ANALYZER_NONNULL = YES;
				CLANG_ANALYZER_NUMBER_OBJECT_CONVERSION = YES_AGGRESSIVE;
				CLANG_CXX_LANGUAGE_STANDARD = "gnu++20";
				CLANG_ENABLE_MODULES = YES;
				CLANG_ENABLE_OBJC_ARC = YES;
				CLANG_ENABLE_OBJC_WEAK = YES;
				CLANG_WARN_BLOCK_CAPTURE_AUTORELEASING = YES;
				CLANG_WARN_BOOL_CONVERSION = YES;
				CLANG_WARN_COMMA = YES;
				CLANG_WARN_CONSTANT_CONVERSION = YES;
				CLANG_WARN_DEPRECATED_OBJC_IMPLEMENTATIONS = YES;
				CLANG_WARN_DIRECT_OBJC_ISA_USAGE = YES_ERROR;
				CLANG_WARN_DOCUMENTATION_COMMENTS = YES;
				CLANG_WARN_EMPTY_BODY = YES;
				CLANG_WARN_ENUM_CONVERSION = YES;
				CLANG_WARN_INFINITE_RECURSION = YES;
				CLANG_WARN_INT_CONVERSION = YES;
				CLANG_WARN_NON_LITERAL_NULL_CONVERSION = YES;
				CLANG_WARN_OBJC_IMPLICIT_RETAIN_SELF = YES;
				CLANG_WARN_OBJC_LITERAL_CONVERSION = YES;
				CLANG_WARN_OBJC_ROOT_CLASS = YES_ERROR;
				CLANG_WARN_QUOTED_INCLUDE_IN_FRAMEWORK_HEADER = YES;
				CLANG_WARN_RANGE_LOOP_ANALYSIS = YES;
				CLANG_WARN_STRICT_PROTOTYPES = YES;
				CLANG_WARN_SUSPICIOUS_MOVE = YES;
				CLANG_WARN_UNGUARDED_AVAILABILITY = YES_AGGRESSIVE;
				CLANG_WARN_UNREACHABLE_CODE = YES;
				CLANG_WARN__DUPLICATE_METHOD_MATCH = YES;
				COPY_PHASE_STRIP = NO;
				DEBUG_INFORMATION_FORMAT = "dwarf-with-dsym";
				ENABLE_NS_ASSERTIONS = NO;
				ENABLE_STRICT_OBJC_MSGSEND = YES;
				GCC_C_LANGUAGE_STANDARD = gnu11;
				GCC_NO_COMMON_BLOCKS = YES;
				GCC_WARN_64_TO_32_BIT_CONVERSION = YES;
				GCC_WARN_ABOUT_RETURN_TYPE = YES_ERROR;
				GCC_WARN_UNDECLARED_SELECTOR = YES;
				GCC_WARN_UNINITIALIZED_AUTOS = YES_AGGRESSIVE;
				GCC_WARN_UNUSED_FUNCTION = YES;
				GCC_WARN_UNUSED_VARIABLE = YES;
				IPHONEOS_DEPLOYMENT_TARGET = 16.4;
				MTL_ENABLE_DEBUG_INFO = NO;
				MTL_FAST_MATH = YES;
				SDKROOT = iphoneos;
				SWIFT_COMPILATION_MODE = wholemodule;
				SWIFT_OPTIMIZATION_LEVEL = "-O";
				VALIDATE_PRODUCT = YES;
			};
			name = Release;
		};
		583529F12A88316A00749D5F /* Debug */ = {
			isa = XCBuildConfiguration;
			buildSettings = {
				ASSETCATALOG_COMPILER_APPICON_NAME = AppIcon;
				ASSETCATALOG_COMPILER_GLOBAL_ACCENT_COLOR_NAME = AccentColor;
				CODE_SIGN_STYLE = Automatic;
				CURRENT_PROJECT_VERSION = 1;
				GENERATE_INFOPLIST_FILE = YES;
				INFOPLIST_FILE = Example/Info.plist;
				INFOPLIST_KEY_UIApplicationSupportsIndirectInputEvents = YES;
				INFOPLIST_KEY_UILaunchStoryboardName = LaunchScreen;
				INFOPLIST_KEY_UIMainStoryboardFile = Main;
				INFOPLIST_KEY_UISupportedInterfaceOrientations_iPad = "UIInterfaceOrientationPortrait UIInterfaceOrientationPortraitUpsideDown UIInterfaceOrientationLandscapeLeft UIInterfaceOrientationLandscapeRight";
				INFOPLIST_KEY_UISupportedInterfaceOrientations_iPhone = "UIInterfaceOrientationPortrait UIInterfaceOrientationLandscapeLeft UIInterfaceOrientationLandscapeRight";
				LD_RUNPATH_SEARCH_PATHS = (
					"$(inherited)",
					"@executable_path/Frameworks",
				);
				MARKETING_VERSION = 1.0;
				PRODUCT_BUNDLE_IDENTIFIER = hu.example.memory.saving.tab.bar.controller.Example;
				PRODUCT_NAME = "$(TARGET_NAME)";
				SWIFT_EMIT_LOC_STRINGS = YES;
				SWIFT_VERSION = 5.0;
				TARGETED_DEVICE_FAMILY = "1,2";
			};
			name = Debug;
		};
		583529F22A88316A00749D5F /* Release */ = {
			isa = XCBuildConfiguration;
			buildSettings = {
				ASSETCATALOG_COMPILER_APPICON_NAME = AppIcon;
				ASSETCATALOG_COMPILER_GLOBAL_ACCENT_COLOR_NAME = AccentColor;
				CODE_SIGN_STYLE = Automatic;
				CURRENT_PROJECT_VERSION = 1;
				GENERATE_INFOPLIST_FILE = YES;
				INFOPLIST_FILE = Example/Info.plist;
				INFOPLIST_KEY_UIApplicationSupportsIndirectInputEvents = YES;
				INFOPLIST_KEY_UILaunchStoryboardName = LaunchScreen;
				INFOPLIST_KEY_UIMainStoryboardFile = Main;
				INFOPLIST_KEY_UISupportedInterfaceOrientations_iPad = "UIInterfaceOrientationPortrait UIInterfaceOrientationPortraitUpsideDown UIInterfaceOrientationLandscapeLeft UIInterfaceOrientationLandscapeRight";
				INFOPLIST_KEY_UISupportedInterfaceOrientations_iPhone = "UIInterfaceOrientationPortrait UIInterfaceOrientationLandscapeLeft UIInterfaceOrientationLandscapeRight";
				LD_RUNPATH_SEARCH_PATHS = (
					"$(inherited)",
					"@executable_path/Frameworks",
				);
				MARKETING_VERSION = 1.0;
				PRODUCT_BUNDLE_IDENTIFIER = hu.example.memory.saving.tab.bar.controller.Example;
				PRODUCT_NAME = "$(TARGET_NAME)";
				SWIFT_EMIT_LOC_STRINGS = YES;
				SWIFT_VERSION = 5.0;
				TARGETED_DEVICE_FAMILY = "1,2";
			};
			name = Release;
		};
		583529F42A88316A00749D5F /* Debug */ = {
			isa = XCBuildConfiguration;
			buildSettings = {
				ALWAYS_EMBED_SWIFT_STANDARD_LIBRARIES = YES;
				BUNDLE_LOADER = "$(TEST_HOST)";
				CODE_SIGN_STYLE = Automatic;
				CURRENT_PROJECT_VERSION = 1;
				GENERATE_INFOPLIST_FILE = YES;
				IPHONEOS_DEPLOYMENT_TARGET = 16.4;
				MARKETING_VERSION = 1.0;
				PRODUCT_BUNDLE_IDENTIFIER = hu.example.memory.saving.tab.bar.controller.ExampleTests;
				PRODUCT_NAME = "$(TARGET_NAME)";
				SWIFT_EMIT_LOC_STRINGS = NO;
				SWIFT_VERSION = 5.0;
				TARGETED_DEVICE_FAMILY = "1,2";
				TEST_HOST = "$(BUILT_PRODUCTS_DIR)/Example.app/$(BUNDLE_EXECUTABLE_FOLDER_PATH)/Example";
			};
			name = Debug;
		};
		583529F52A88316A00749D5F /* Release */ = {
			isa = XCBuildConfiguration;
			buildSettings = {
				ALWAYS_EMBED_SWIFT_STANDARD_LIBRARIES = YES;
				BUNDLE_LOADER = "$(TEST_HOST)";
				CODE_SIGN_STYLE = Automatic;
				CURRENT_PROJECT_VERSION = 1;
				GENERATE_INFOPLIST_FILE = YES;
				IPHONEOS_DEPLOYMENT_TARGET = 16.4;
				MARKETING_VERSION = 1.0;
				PRODUCT_BUNDLE_IDENTIFIER = hu.example.memory.saving.tab.bar.controller.ExampleTests;
				PRODUCT_NAME = "$(TARGET_NAME)";
				SWIFT_EMIT_LOC_STRINGS = NO;
				SWIFT_VERSION = 5.0;
				TARGETED_DEVICE_FAMILY = "1,2";
				TEST_HOST = "$(BUILT_PRODUCTS_DIR)/Example.app/$(BUNDLE_EXECUTABLE_FOLDER_PATH)/Example";
			};
			name = Release;
		};
		583529F72A88316A00749D5F /* Debug */ = {
			isa = XCBuildConfiguration;
			buildSettings = {
				ALWAYS_EMBED_SWIFT_STANDARD_LIBRARIES = YES;
				CODE_SIGN_STYLE = Automatic;
				CURRENT_PROJECT_VERSION = 1;
				GENERATE_INFOPLIST_FILE = YES;
				MARKETING_VERSION = 1.0;
				PRODUCT_BUNDLE_IDENTIFIER = hu.example.memory.saving.tab.bar.controller.ExampleUITests;
				PRODUCT_NAME = "$(TARGET_NAME)";
				SWIFT_EMIT_LOC_STRINGS = NO;
				SWIFT_VERSION = 5.0;
				TARGETED_DEVICE_FAMILY = "1,2";
				TEST_TARGET_NAME = Example;
			};
			name = Debug;
		};
		583529F82A88316A00749D5F /* Release */ = {
			isa = XCBuildConfiguration;
			buildSettings = {
				ALWAYS_EMBED_SWIFT_STANDARD_LIBRARIES = YES;
				CODE_SIGN_STYLE = Automatic;
				CURRENT_PROJECT_VERSION = 1;
				GENERATE_INFOPLIST_FILE = YES;
				MARKETING_VERSION = 1.0;
				PRODUCT_BUNDLE_IDENTIFIER = hu.example.memory.saving.tab.bar.controller.ExampleUITests;
				PRODUCT_NAME = "$(TARGET_NAME)";
				SWIFT_EMIT_LOC_STRINGS = NO;
				SWIFT_VERSION = 5.0;
				TARGETED_DEVICE_FAMILY = "1,2";
				TEST_TARGET_NAME = Example;
			};
			name = Release;
		};
/* End XCBuildConfiguration section */

/* Begin XCConfigurationList section */
		583529C12A88316900749D5F /* Build configuration list for PBXProject "Example" */ = {
			isa = XCConfigurationList;
			buildConfigurations = (
				583529EE2A88316A00749D5F /* Debug */,
				583529EF2A88316A00749D5F /* Release */,
			);
			defaultConfigurationIsVisible = 0;
			defaultConfigurationName = Release;
		};
		583529F02A88316A00749D5F /* Build configuration list for PBXNativeTarget "Example" */ = {
			isa = XCConfigurationList;
			buildConfigurations = (
				583529F12A88316A00749D5F /* Debug */,
				583529F22A88316A00749D5F /* Release */,
			);
			defaultConfigurationIsVisible = 0;
			defaultConfigurationName = Release;
		};
		583529F32A88316A00749D5F /* Build configuration list for PBXNativeTarget "ExampleTests" */ = {
			isa = XCConfigurationList;
			buildConfigurations = (
				583529F42A88316A00749D5F /* Debug */,
				583529F52A88316A00749D5F /* Release */,
			);
			defaultConfigurationIsVisible = 0;
			defaultConfigurationName = Release;
		};
		583529F62A88316A00749D5F /* Build configuration list for PBXNativeTarget "ExampleUITests" */ = {
			isa = XCConfigurationList;
			buildConfigurations = (
				583529F72A88316A00749D5F /* Debug */,
				583529F82A88316A00749D5F /* Release */,
			);
			defaultConfigurationIsVisible = 0;
			defaultConfigurationName = Release;
		};
/* End XCConfigurationList section */

/* Begin XCRemoteSwiftPackageReference section */
		58E5A25A2A88495C0097E516 /* XCRemoteSwiftPackageReference "MemorySavingTabBarController" */ = {
			isa = XCRemoteSwiftPackageReference;
			repositoryURL = "https://github.com/stateman92/MemorySavingTabBarController.git";
			requirement = {
				kind = exactVersion;
				version = 0.0.2;
			};
		};
/* End XCRemoteSwiftPackageReference section */

/* Begin XCSwiftPackageProductDependency section */
		58017C122A89144E009452EA /* MemorySavingTabBarController */ = {
			isa = XCSwiftPackageProductDependency;
			package = 58E5A25A2A88495C0097E516 /* XCRemoteSwiftPackageReference "MemorySavingTabBarController" */;
			productName = MemorySavingTabBarController;
		};
/* End XCSwiftPackageProductDependency section */
	};
	rootObject = 583529BE2A88316900749D5F /* Project object */;
}
